
Microsoft Visual Studio Solution File, Format Version 12.00
# Visual Studio Version 17
VisualStudioVersion = 17.4.33205.214
MinimumVisualStudioVersion = 10.0.40219.1
Project("{FAE04EC0-301F-11D3-BF4B-00C04F79EFBC}") = "maytinh", "maytinh\maytinh.csproj", "{72620798-745D-4DB6-9463-36D5DD314B79}"
EndProject
Global
	GlobalSection(SolutionConfigurationPlatforms) = preSolution
		Debug|Any CPU = Debug|Any CPU
		Release|Any CPU = Release|Any CPU
	EndGlobalSection
	GlobalSection(ProjectConfigurationPlatforms) = postSolution
		{72620798-745D-4DB6-9463-36D5DD314B79}.Debug|Any CPU.ActiveCfg = Debug|Any CPU
		{72620798-745D-4DB6-9463-36D5DD314B79}.Debug|Any CPU.Build.0 = Debug|Any CPU
		{72620798-745D-4DB6-9463-36D5DD314B79}.Release|Any CPU.ActiveCfg = Release|Any CPU
		{72620798-745D-4DB6-9463-36D5DD314B79}.Release|Any CPU.Build.0 = Release|Any CPU
	EndGlobalSection
	GlobalSection(SolutionProperties) = preSolution
		HideSolutionNode = FALSE
	EndGlobalSection
	GlobalSection(ExtensibilityGlobals) = postSolution
		SolutionGuid = {1ED6F678-C0AA-499A-8EB7-CB0D90BACB7B}
	EndGlobalSection
EndGlobal
